
Microsoft Visual Studio Solution File, Format Version 12.00
# Visual Studio Version 16
VisualStudioVersion = 16.0.30413.136
MinimumVisualStudioVersion = 10.0.40219.1
Project("{FAE04EC0-301F-11D3-BF4B-00C04F79EFBC}") = "FirstProgram", "FirstProgram\FirstProgram.csproj", "{641EE0F8-0B44-498B-89DE-ED0A2C483F87}"
EndProject
Global
	GlobalSection(SolutionConfigurationPlatforms) = preSolution
		Debug|Any CPU = Debug|Any CPU
		Release|Any CPU = Release|Any CPU
	EndGlobalSection
	GlobalSection(ProjectConfigurationPlatforms) = postSolution
		{641EE0F8-0B44-498B-89DE-ED0A2C483F87}.Debug|Any CPU.ActiveCfg = Debug|Any CPU
		{641EE0F8-0B44-498B-89DE-ED0A2C483F87}.Debug|Any CPU.Build.0 = Debug|Any CPU
		{641EE0F8-0B44-498B-89DE-ED0A2C483F87}.Release|Any CPU.ActiveCfg = Release|Any CPU
		{641EE0F8-0B44-498B-89DE-ED0A2C483F87}.Release|Any CPU.Build.0 = Release|Any CPU
	EndGlobalSection
	GlobalSection(SolutionProperties) = preSolution
		HideSolutionNode = FALSE
	EndGlobalSection
	GlobalSection(ExtensibilityGlobals) = postSolution
		SolutionGuid = {70CB59D9-9D63-4EF8-AC78-0227FBE29AC4}
	EndGlobalSection
EndGlobal
